
Microsoft Visual Studio Solution File, Format Version 12.00
# Visual Studio Express 2012 for Windows Phone
Project("{FAE04EC0-301F-11D3-BF4B-00C04F79EFBC}") = "Aecount", "Aecount\Aecount.csproj", "{12A688DC-F07C-417A-A0E2-66B9CDDF488A}"
EndProject
Global
	GlobalSection(SolutionConfigurationPlatforms) = preSolution
		Debug|Any CPU = Debug|Any CPU
		Release|Any CPU = Release|Any CPU
	EndGlobalSection
	GlobalSection(ProjectConfigurationPlatforms) = postSolution
		{12A688DC-F07C-417A-A0E2-66B9CDDF488A}.Debug|Any CPU.ActiveCfg = Debug|Any CPU
		{12A688DC-F07C-417A-A0E2-66B9CDDF488A}.Debug|Any CPU.Build.0 = Debug|Any CPU
		{12A688DC-F07C-417A-A0E2-66B9CDDF488A}.Debug|Any CPU.Deploy.0 = Debug|Any CPU
		{12A688DC-F07C-417A-A0E2-66B9CDDF488A}.Release|Any CPU.ActiveCfg = Release|Any CPU
		{12A688DC-F07C-417A-A0E2-66B9CDDF488A}.Release|Any CPU.Build.0 = Release|Any CPU
		{12A688DC-F07C-417A-A0E2-66B9CDDF488A}.Release|Any CPU.Deploy.0 = Release|Any CPU
	EndGlobalSection
	GlobalSection(SolutionProperties) = preSolution
		HideSolutionNode = FALSE
	EndGlobalSection
EndGlobal
